{
  "version": 4,
  "terraform_version": "1.15.5",
  "serial": 1,
  "lineage": "62f4eeb6-808a-70a0-1b96-78509807aa35",
  "outputs": {},
  "resources": [
    {
      "mode": "managed",
      "type": "local_file",
      "name": "devops",
      "provider": "provider[\"registry.terraform.io/hashicorp/local\"]",
      "instances": [
        {
          "schema_version": 0,
          "attributes": {
            "content": "This is my test file",
            "content_base64": null,
            "content_base64sha256": "7Wqs3NQDkGhV8fnX7X8i4Cv87tlM/2/PFEbStiT0Brg=",
            "content_base64sha512": "AeM+ZsXnHR4aST3MkxUoUpMtiHqdoWH3T4JqJvNRx9P2Sjxwa7NJM+MZMYbcAnvcYZhKhlcBJGbipcdO4OODrg==",
            "content_md5": "7985aa0e35af1f1aa61f3478a058b4dc",
            "content_sha1": "3efdbc648900e28098a7b4f4073e2af803d5584b",
            "content_sha256": "ed6aacdcd403906855f1f9d7ed7f22e02bfceed94cff6fcf1446d2b624f406b8",
            "content_sha512": "01e33e66c5e71d1e1a493dcc93152852932d887a9da161f74f826a26f351c7d3f64a3c706bb34933e3193186dc027bdc61984a8657012466e2a5c74ee0e383ae",
            "directory_permission": "0777",
            "file_permission": "0777",
            "filename": "hello.txt",
            "id": "3efdbc648900e28098a7b4f4073e2af803d5584b",
            "sensitive_content": null,
            "source": null
          },
          "sensitive_attributes": [
            [
              {
                "type": "get_attr",
                "value": "sensitive_content"
              }
            ]
          ],
          "identity_schema_version": 0
        }
      ]
    }
  ],
  "check_results": null
}
